Microsoft Visual Studio Solution File, Format Version 12.00
# Visual Studio Version 17
VisualStudioVersion = 17.5.2.0
MinimumVisualStudioVersion = 10.0.40219.1
Project("{FAE04EC0-301F-11D3-BF4B-00C04F79EFBC}") = "Donations", "Donations.csproj", "{857DE8DD-4C14-A449-94AB-AC23D5BA0981}"
EndProject
Global
	GlobalSection(SolutionConfigurationPlatforms) = preSolution
		Debug|Any CPU = Debug|Any CPU
		Release|Any CPU = Release|Any CPU
	EndGlobalSection
	GlobalSection(ProjectConfigurationPlatforms) = postSolution
		{857DE8DD-4C14-A449-94AB-AC23D5BA0981}.Debug|Any CPU.ActiveCfg = Debug|Any CPU
		{857DE8DD-4C14-A449-94AB-AC23D5BA0981}.Debug|Any CPU.Build.0 = Debug|Any CPU
		{857DE8DD-4C14-A449-94AB-AC23D5BA0981}.Release|Any CPU.ActiveCfg = Release|Any CPU
		{857DE8DD-4C14-A449-94AB-AC23D5BA0981}.Release|Any CPU.Build.0 = Release|Any CPU
	EndGlobalSection
	GlobalSection(SolutionProperties) = preSolution
		HideSolutionNode = FALSE
	EndGlobalSection
	GlobalSection(ExtensibilityGlobals) = postSolution
		SolutionGuid = {BC98C334-7960-443F-96CC-473A37DEC564}
	EndGlobalSection
EndGlobal
